[[package]]
name = "agstd"
version = "1.0.1"
description = ""
category = "main"
optional = false
python-versions = ">=3.8,<3.11"

[package.dependencies]
eikonal = ">=0.1.0,<0.2.0"
numpy = ">=1.22.2,<2.0.0"
pysqlite3 = ">=0.4.6,<0.5.0"
tables = ">=3.7.0,<4.0.0"

[[package]]
name = "appnope"
version = "0.1.2"
description = "Disable App Nap on macOS >= 10.9"
category = "dev"
optional = false
python-versions = "*"

[[package]]
name = "asttokens"
version = "2.0.5"
description = "Annotate AST trees with source code positions"
category = "dev"
optional = false
python-versions = "*"

[package.dependencies]
six = "*"

[package.extras]
test = ["astroid", "pytest"]

[[package]]
name = "backcall"
version = "0.2.0"
description = "Specifications for callback functions passed in to an API"
category = "dev"
optional = false
python-versions = "*"

[[package]]
name = "black"
version = "22.1.0"
description = "The uncompromising code formatter."
category = "dev"
optional = false
python-versions = ">=3.6.2"

[package.dependencies]
click = ">=8.0.0"
mypy-extensions = ">=0.4.3"
pathspec = ">=0.9.0"
platformdirs = ">=2"
tomli = ">=1.1.0"
typing-extensions = {version = ">=3.10.0.0", markers = "python_version < \"3.10\""}

[package.extras]
colorama = ["colorama (>=0.4.3)"]
d = ["aiohttp (>=3.7.4)"]
jupyter = ["ipython (>=7.8.0)", "tokenize-rt (>=3.2.0)"]
uvloop = ["uvloop (>=0.15.2)"]

[[package]]
name = "click"
version = "8.0.3"
description = "Composable command line interface toolkit"
category = "dev"
optional = false
python-versions = ">=3.6"

[package.dependencies]
colorama = {version = "*", markers = "platform_system == \"Windows\""}

[[package]]
name = "colorama"
version = "0.4.4"
description = "Cross-platform colored terminal text."
category = "dev"
optional = false
python-versions = ">=2.7, !=3.0.*, !=3.1.*, !=3.2.*, !=3.3.*, !=3.4.*"

[[package]]
name = "cython"
version = "0.29.27"
description = "The Cython compiler for writing C extensions for the Python language."
category = "main"
optional = false
python-versions = ">=2.6, !=3.0.*, !=3.1.*, !=3.2.*"

[[package]]
name = "decorator"
version = "5.1.1"
description = "Decorators for Humans"
category = "dev"
optional = false
python-versions = ">=3.5"

[[package]]
name = "eikonal"
version = "0.1.0"
description = ""
category = "main"
optional = false
python-versions = ">=3.8,<3.11"

[package.dependencies]
Cython = ">=0.29.27,<0.30.0"
scipy = ">=1.8.0,<2.0.0"

[[package]]
name = "executing"
version = "0.8.2"
description = "Get the currently executing AST node of a frame, and other information"
category = "dev"
optional = false
python-versions = "*"

[[package]]
name = "ipython"
version = "8.0.1"
description = "IPython: Productive Interactive Computing"
category = "dev"
optional = false
python-versions = ">=3.8"

[package.dependencies]
appnope = {version = "*", markers = "sys_platform == \"darwin\""}
backcall = "*"
black = "*"
colorama = {version = "*", markers = "sys_platform == \"win32\""}
decorator = "*"
jedi = ">=0.16"
matplotlib-inline = "*"
pexpect = {version = ">4.3", markers = "sys_platform != \"win32\""}
pickleshare = "*"
prompt-toolkit = ">=2.0.0,<3.0.0 || >3.0.0,<3.0.1 || >3.0.1,<3.1.0"
pygments = "*"
stack-data = "*"
traitlets = ">=5"

[package.extras]
all = ["Sphinx (>=1.3)", "curio", "ipykernel", "ipyparallel", "ipywidgets", "matplotlib (!=3.2.0)", "nbconvert", "nbformat", "notebook", "numpy (>=1.19)", "pandas", "pygments", "pytest", "pytest-asyncio", "qtconsole", "testpath", "trio"]
doc = ["Sphinx (>=1.3)"]
kernel = ["ipykernel"]
nbconvert = ["nbconvert"]
nbformat = ["nbformat"]
notebook = ["notebook", "ipywidgets"]
parallel = ["ipyparallel"]
qtconsole = ["qtconsole"]
test = ["pytest", "pytest-asyncio", "testpath", "pygments"]
test_extra = ["pytest", "testpath", "curio", "matplotlib (!=3.2.0)", "nbformat", "numpy (>=1.19)", "pandas", "pygments", "trio"]

[[package]]
name = "jedi"
version = "0.18.1"
description = "An autocompletion tool for Python that can be used for text editors."
category = "dev"
optional = false
python-versions = ">=3.6"

[package.dependencies]
parso = ">=0.8.0,<0.9.0"

[package.extras]
qa = ["flake8 (==3.8.3)", "mypy (==0.782)"]
testing = ["Django (<3.1)", "colorama", "docopt", "pytest (<7.0.0)"]

[[package]]
name = "matplotlib-inline"
version = "0.1.3"
description = "Inline Matplotlib backend for Jupyter"
category = "dev"
optional = false
python-versions = ">=3.5"

[package.dependencies]
traitlets = "*"

[[package]]
name = "mypy-extensions"
version = "0.4.3"
description = "Experimental type system extensions for programs checked with the mypy typechecker."
category = "dev"
optional = false
python-versions = "*"

[[package]]
name = "numexpr"
version = "2.8.1"
description = "Fast numerical expression evaluator for NumPy"
category = "main"
optional = false
python-versions = "*"

[package.dependencies]
numpy = ">=1.13.3"
packaging = "*"

[[package]]
name = "numpy"
version = "1.22.2"
description = "NumPy is the fundamental package for array computing with Python."
category = "main"
optional = false
python-versions = ">=3.8"

[[package]]
name = "packaging"
version = "21.3"
description = "Core utilities for Python packages"
category = "main"
optional = false
python-versions = ">=3.6"

[package.dependencies]
pyparsing = ">=2.0.2,<3.0.5 || >3.0.5"

[[package]]
name = "parso"
version = "0.8.3"
description = "A Python Parser"
category = "dev"
optional = false
python-versions = ">=3.6"

[package.extras]
qa = ["flake8 (==3.8.3)", "mypy (==0.782)"]
testing = ["docopt", "pytest (<6.0.0)"]

[[package]]
name = "pathspec"
version = "0.9.0"
description = "Utility library for gitignore style pattern matching of file paths."
category = "dev"
optional = false
python-versions = "!=3.0.*,!=3.1.*,!=3.2.*,!=3.3.*,!=3.4.*,>=2.7"

[[package]]
name = "pexpect"
version = "4.8.0"
description = "Pexpect allows easy control of interactive console applications."
category = "dev"
optional = false
python-versions = "*"

[package.dependencies]
ptyprocess = ">=0.5"

[[package]]
name = "pickleshare"
version = "0.7.5"
description = "Tiny 'shelve'-like database with concurrency support"
category = "dev"
optional = false
python-versions = "*"

[[package]]
name = "platformdirs"
version = "2.5.0"
description = "A small Python module for determining appropriate platform-specific dirs, e.g. a \"user data dir\"."
category = "dev"
optional = false
python-versions = ">=3.7"

[package.extras]
docs = ["Sphinx (>=4)", "furo (>=2021.7.5b38)", "proselint (>=0.10.2)", "sphinx-autodoc-typehints (>=1.12)"]
test = ["appdirs (==1.4.4)", "pytest (>=6)", "pytest-cov (>=2.7)", "pytest-mock (>=3.6)"]

[[package]]
name = "prompt-toolkit"
version = "3.0.28"
description = "Library for building powerful interactive command lines in Python"
category = "dev"
optional = false
python-versions = ">=3.6.2"

[package.dependencies]
wcwidth = "*"

[[package]]
name = "ptyprocess"
version = "0.7.0"
description = "Run a subprocess in a pseudo terminal"
category = "dev"
optional = false
python-versions = "*"

[[package]]
name = "pure-eval"
version = "0.2.2"
description = "Safely evaluate AST nodes without side effects"
category = "dev"
optional = false
python-versions = "*"

[package.extras]
tests = ["pytest"]

[[package]]
name = "pygments"
version = "2.11.2"
description = "Pygments is a syntax highlighting package written in Python."
category = "dev"
optional = false
python-versions = ">=3.5"

[[package]]
name = "pyparsing"
version = "3.0.7"
description = "Python parsing module"
category = "main"
optional = false
python-versions = ">=3.6"

[package.extras]
diagrams = ["jinja2", "railroad-diagrams"]

[[package]]
name = "pysqlite3"
version = "0.4.6"
description = "DB-API 2.0 interface for Sqlite 3.x"
category = "main"
optional = false
python-versions = "*"

[[package]]
name = "scipy"
version = "1.8.0"
description = "SciPy: Scientific Library for Python"
category = "main"
optional = false
python-versions = ">=3.8,<3.11"

[package.dependencies]
numpy = ">=1.17.3,<1.25.0"

[[package]]
name = "scons"
version = "4.3.0"
description = "Open Source next-generation build tool."
category = "main"
optional = false
python-versions = ">=3.5"

[[package]]
name = "six"
version = "1.16.0"
description = "Python 2 and 3 compatibility utilities"
category = "dev"
optional = false
python-versions = ">=2.7, !=3.0.*, !=3.1.*, !=3.2.*"

[[package]]
name = "stack-data"
version = "0.2.0"
description = "Extract data from python stack frames and tracebacks for informative displays"
category = "dev"
optional = false
python-versions = "*"

[package.dependencies]
asttokens = "*"
executing = "*"
pure-eval = "*"

[package.extras]
tests = ["pytest", "typeguard", "pygments", "littleutils", "cython"]

[[package]]
name = "tables"
version = "3.7.0"
description = "Hierarchical datasets for Python"
category = "main"
optional = false
python-versions = ">=3.6"

[package.dependencies]
numexpr = ">=2.6.2"
numpy = ">=1.19.0"
packaging = "*"

[package.extras]
doc = ["sphinx (>=1.1)", "sphinx-rtd-theme", "numpydoc", "ipython"]

[[package]]
name = "tomli"
version = "2.0.1"
description = "A lil' TOML parser"
category = "dev"
optional = false
python-versions = ">=3.7"

[[package]]
name = "traitlets"
version = "5.1.1"
description = "Traitlets Python configuration system"
category = "dev"
optional = false
python-versions = ">=3.7"

[package.extras]
test = ["pytest"]

[[package]]
name = "typing-extensions"
version = "4.1.1"
description = "Backported and Experimental Type Hints for Python 3.6+"
category = "dev"
optional = false
python-versions = ">=3.6"

[[package]]
name = "wcwidth"
version = "0.2.5"
description = "Measures the displayed width of unicode strings in a terminal"
category = "dev"
optional = false
python-versions = "*"

[metadata]
lock-version = "1.1"
python-versions = ">=3.8,<3.11"
content-hash = "34c87377d0348a1566f1ce2ec941618dcb2ea065c61d25734d44587e2cb738e5"

[metadata.files]
agstd = [
    {file = "agstd-1.0.1-py3-none-any.whl", hash = "sha256:5c5ce9244bb4dbbfae0a2945cf108add4c14d7cd29b5e334efbc343c25bd68c3"},
    {file = "agstd-1.0.1.tar.gz", hash = "sha256:b57a496d52827fa800d3422b239ab3dc0ceeca26a0f4a024936defa4cef48852"},
]
appnope = [
    {file = "appnope-0.1.2-py2.py3-none-any.whl", hash = "sha256:93aa393e9d6c54c5cd570ccadd8edad61ea0c4b9ea7a01409020c9aa019eb442"},
    {file = "appnope-0.1.2.tar.gz", hash = "sha256:dd83cd4b5b460958838f6eb3000c660b1f9caf2a5b1de4264e941512f603258a"},
]
asttokens = [
    {file = "asttokens-2.0.5-py2.py3-none-any.whl", hash = "sha256:0844691e88552595a6f4a4281a9f7f79b8dd45ca4ccea82e5e05b4bbdb76705c"},
    {file = "asttokens-2.0.5.tar.gz", hash = "sha256:9a54c114f02c7a9480d56550932546a3f1fe71d8a02f1bc7ccd0ee3ee35cf4d5"},
]
backcall = [
    {file = "backcall-0.2.0-py2.py3-none-any.whl", hash = "sha256:fbbce6a29f263178a1f7915c1940bde0ec2b2a967566fe1c65c1dfb7422bd255"},
    {file = "backcall-0.2.0.tar.gz", hash = "sha256:5cbdbf27be5e7cfadb448baf0aa95508f91f2bbc6c6437cd9cd06e2a4c215e1e"},
]
black = [
    {file = "black-22.1.0-cp310-cp310-macosx_10_9_universal2.whl", hash = "sha256:1297c63b9e1b96a3d0da2d85d11cd9bf8664251fd69ddac068b98dc4f34f73b6"},
    {file = "black-22.1.0-cp310-cp310-macosx_10_9_x86_64.whl", hash = "sha256:2ff96450d3ad9ea499fc4c60e425a1439c2120cbbc1ab959ff20f7c76ec7e866"},
    {file = "black-22.1.0-cp310-cp310-macosx_11_0_arm64.whl", hash = "sha256:0e21e1f1efa65a50e3960edd068b6ae6d64ad6235bd8bfea116a03b21836af71"},
    {file = "black-22.1.0-cp310-cp310-manylinux_2_17_x86_64.manylinux2014_x86_64.whl", hash = "sha256:e2f69158a7d120fd641d1fa9a921d898e20d52e44a74a6fbbcc570a62a6bc8ab"},
    {file = "black-22.1.0-cp310-cp310-win_amd64.whl", hash = "sha256:228b5ae2c8e3d6227e4bde5920d2fc66cc3400fde7bcc74f480cb07ef0b570d5"},
    {file = "black-22.1.0-cp36-cp36m-macosx_10_9_x86_64.whl", hash = "sha256:b1a5ed73ab4c482208d20434f700d514f66ffe2840f63a6252ecc43a9bc77e8a"},
    {file = "black-22.1.0-cp36-cp36m-manylinux_2_17_x86_64.manylinux2014_x86_64.whl", hash = "sha256:35944b7100af4a985abfcaa860b06af15590deb1f392f06c8683b4381e8eeaf0"},
    {file = "black-22.1.0-cp36-cp36m-win_amd64.whl", hash = "sha256:7835fee5238fc0a0baf6c9268fb816b5f5cd9b8793423a75e8cd663c48d073ba"},
    {file = "black-22.1.0-cp37-cp37m-macosx_10_9_x86_64.whl", hash = "sha256:dae63f2dbf82882fa3b2a3c49c32bffe144970a573cd68d247af6560fc493ae1"},
    {file = "black-22.1.0-cp37-cp37m-manylinux_2_17_x86_64.manylinux2014_x86_64.whl", hash = "sha256:5fa1db02410b1924b6749c245ab38d30621564e658297484952f3d8a39fce7e8"},
    {file = "black-22.1.0-cp37-cp37m-win_amd64.whl", hash = "sha256:c8226f50b8c34a14608b848dc23a46e5d08397d009446353dad45e04af0c8e28"},
    {file = "black-22.1.0-cp38-cp38-macosx_10_9_universal2.whl", hash = "sha256:2d6f331c02f0f40aa51a22e479c8209d37fcd520c77721c034517d44eecf5912"},
    {file = "black-22.1.0-cp38-cp38-macosx_10_9_x86_64.whl", hash = "sha256:742ce9af3086e5bd07e58c8feb09dbb2b047b7f566eb5f5bc63fd455814979f3"},
    {file = "black-22.1.0-cp38-cp38-macosx_11_0_arm64.whl", hash = "sha256:fdb8754b453fb15fad3f72cd9cad3e16776f0964d67cf30ebcbf10327a3777a3"},
    {file = "black-22.1.0-cp38-cp38-manylinux_2_17_x86_64.manylinux2014_x86_64.whl", hash = "sha256:f5660feab44c2e3cb24b2419b998846cbb01c23c7fe645fee45087efa3da2d61"},
    {file = "black-22.1.0-cp38-cp38-win_amd64.whl", hash = "sha256:6f2f01381f91c1efb1451998bd65a129b3ed6f64f79663a55fe0e9b74a5f81fd"},
    {file = "black-22.1.0-cp39-cp39-macosx_10_9_universal2.whl", hash = "sha256:efbadd9b52c060a8fc3b9658744091cb33c31f830b3f074422ed27bad2b18e8f"},
    {file = "black-22.1.0-cp39-cp39-macosx_10_9_x86_64.whl", hash = "sha256:8871fcb4b447206904932b54b567923e5be802b9b19b744fdff092bd2f3118d0"},
    {file = "black-22.1.0-cp39-cp39-macosx_11_0_arm64.whl", hash = "sha256:ccad888050f5393f0d6029deea2a33e5ae371fd182a697313bdbd835d3edaf9c"},
    {file = "black-22.1.0-cp39-cp39-manylinux_2_17_x86_64.manylinux2014_x86_64.whl", hash = "sha256:07e5c049442d7ca1a2fc273c79d1aecbbf1bc858f62e8184abe1ad175c4f7cc2"},
    {file = "black-22.1.0-cp39-cp39-win_amd64.whl", hash = "sha256:373922fc66676133ddc3e754e4509196a8c392fec3f5ca4486673e685a421321"},
    {file = "black-22.1.0-py3-none-any.whl", hash = "sha256:3524739d76b6b3ed1132422bf9d82123cd1705086723bc3e235ca39fd21c667d"},
    {file = "black-22.1.0.tar.gz", hash = "sha256:a7c0192d35635f6fc1174be575cb7915e92e5dd629ee79fdaf0dcfa41a80afb5"},
]
click = [
    {file = "click-8.0.3-py3-none-any.whl", hash = "sha256:353f466495adaeb40b6b5f592f9f91cb22372351c84caeb068132442a4518ef3"},
    {file = "click-8.0.3.tar.gz", hash = "sha256:410e932b050f5eed773c4cda94de75971c89cdb3155a72a0831139a79e5ecb5b"},
]
colorama = [
    {file = "colorama-0.4.4-py2.py3-none-any.whl", hash = "sha256:9f47eda37229f68eee03b24b9748937c7dc3868f906e8ba69fbcbdd3bc5dc3e2"},
    {file = "colorama-0.4.4.tar.gz", hash = "sha256:5941b2b48a20143d2267e95b1c2a7603ce057ee39fd88e7329b0c292aa16869b"},
]
cython = [
    {file = "Cython-0.29.27-cp27-cp27m-manylinux_2_5_i686.manylinux1_i686.whl", hash = "sha256:af2b4e1e267737dae1732f02a9b567f58420a3e2f572dc4416829647ec109886"},
    {file = "Cython-0.29.27-cp27-cp27m-manylinux_2_5_x86_64.manylinux1_x86_64.whl", hash = "sha256:62326774873cd1eff0cf7ca9132a1b6442541fe67c84dcfe97beb6a30f983b22"},
    {file = "Cython-0.29.27-cp27-cp27mu-manylinux_2_5_i686.manylinux1_i686.whl", hash = "sha256:0cb3da73547ed22d4b579990c229620b274d6935e3964f21abe15e4f7af6abf1"},
    {file = "Cython-0.29.27-cp27-cp27mu-manylinux_2_5_x86_64.manylinux1_x86_64.whl", hash = "sha256:314280475ba4ab334e6b40e502a1b3b36ac37a710a63b0a74c6a61dde5f7593c"},
    {file = "Cython-0.29.27-cp310-cp310-manylinux_2_17_aarch64.manylinux2014_aarch64.manylinux_2_24_aarch64.whl", hash = "sha256:8e2963153212c3e699276059095fd9e20c5c97872b6dda893e7acfc5cef64df8"},
    {file = "Cython-0.29.27-cp310-cp310-manylinux_2_17_x86_64.manylinux2014_x86_64.manylinux_2_24_x86_64.whl", hash = "sha256:80ea3b60d5e5b3b13ce90a4071734bbd88cf688fcfd3c82db0b47ae1e944c6a2"},
    {file = "Cython-0.29.27-cp310-cp310-manylinux_2_5_i686.manylinux1_i686.manylinux_2_24_i686.whl", hash = "sha256:25cb8e663dbd1e14a8f05dd6a79974ce6f0232b4dc417000fd790938face0304"},
    {file = "Cython-0.29.27-cp310-cp310-musllinux_1_1_x86_64.whl", hash = "sha256:7f3a5b826d9650268ff9bd7308bf79d8077b3b452da03337656d455bba05a9be"},
    {file = "Cython-0.29.27-cp35-cp35m-manylinux_2_5_i686.manylinux1_i686.whl", hash = "sha256:a1035e568cdc48dbd74f565828b36019fdb1b1437b3d7c1164c6f2a0757608f7"},
    {file = "Cython-0.29.27-cp35-cp35m-manylinux_2_5_x86_64.manylinux1_x86_64.whl", hash = "sha256:179e8cf796f72df8977705c7887eee3231945f665c594ad1631fe690363bfb8e"},
    {file = "Cython-0.29.27-cp36-cp36m-manylinux_2_17_aarch64.manylinux2014_aarch64.manylinux_2_24_aarch64.whl", hash = "sha256:abcefbfb2c8f1b35c121a727745eb03c64cc15d0d71ebd827a6ce5c609503daa"},
    {file = "Cython-0.29.27-cp36-cp36m-manylinux_2_17_x86_64.manylinux2014_x86_64.manylinux_2_24_x86_64.whl", hash = "sha256:7742cac4a5a41c73309bc1bab568e955ad35eacaedf3b00971bc44afe0b5f04e"},
    {file = "Cython-0.29.27-cp36-cp36m-manylinux_2_5_i686.manylinux1_i686.manylinux_2_24_i686.whl", hash = "sha256:f4a01915e33a524fca2a1e2512c0afc07f9fc51637f874bed1a831b56e789374"},
    {file = "Cython-0.29.27-cp36-cp36m-manylinux_2_5_i686.manylinux1_i686.whl", hash = "sha256:3138e4f89cb7e79d35bd6cbefe2d62c4723f2184ee414905ee0981ae0fbd92d6"},
    {file = "Cython-0.29.27-cp36-cp36m-manylinux_2_5_x86_64.manylinux1_x86_64.whl", hash = "sha256:2dfdb4d5f63a0ae6748592b319878cbe360b12997cd8074836ef159381955d16"},
    {file = "Cython-0.29.27-cp36-cp36m-musllinux_1_1_x86_64.whl", hash = "sha256:4b9dbe37907b6b76d9673720e848209399b48530f6ab6178fa3a49d1af4a8d00"},
    {file = "Cython-0.29.27-cp37-cp37m-manylinux_2_17_aarch64.manylinux2014_aarch64.manylinux_2_24_aarch64.whl", hash = "sha256:ab4301aabcd75a436df0bbe13dbd9a3a9b6d3ad6aeb3ab577606af1642e134c2"},
    {file = "Cython-0.29.27-cp37-cp37m-manylinux_2_17_x86_64.manylinux2014_x86_64.manylinux_2_24_x86_64.whl", hash = "sha256:93e9f7c522f5ab3ea4e32ce6f42b123cb0bd9cdfe49726b5e43c4e5719654146"},
    {file = "Cython-0.29.27-cp37-cp37m-manylinux_2_5_i686.manylinux1_i686.manylinux_2_24_i686.whl", hash = "sha256:6d337965a49dd52bc410685dbf63f2a95d6aa8d8be153a87c4178a06ff0e8ccd"},
    {file = "Cython-0.29.27-cp37-cp37m-manylinux_2_5_i686.manylinux1_i686.whl", hash = "sha256:1500dce7ae102bb27243b92a8461b9f7fd08c4514886e9a0da8b266de8e5c561"},
    {file = "Cython-0.29.27-cp37-cp37m-manylinux_2_5_x86_64.manylinux1_x86_64.whl", hash = "sha256:03e0e9164e0a279c094897c6ae1505d816da59f98d664a77911b8d33f492e3f3"},
    {file = "Cython-0.29.27-cp37-cp37m-musllinux_1_1_x86_64.whl", hash = "sha256:0636e377ad81b8a106b12cddc57d3e69df94e03c77bdbccd0bd4394dda2484c9"},
    {file = "Cython-0.29.27-cp38-cp38-manylinux_2_17_aarch64.manylinux2014_aarch64.manylinux_2_24_aarch64.whl", hash = "sha256:77519bc6816a0fa648795ef0d5337c18e4b7be1c43c4944599a87004037579c5"},
    {file = "Cython-0.29.27-cp38-cp38-manylinux_2_17_x86_64.manylinux2014_x86_64.manylinux_2_24_x86_64.whl", hash = "sha256:65757e10590a1fbce84135491a5b53a1dc8c792cff78db4bb76b09d6df21dc0e"},
    {file = "Cython-0.29.27-cp38-cp38-manylinux_2_5_i686.manylinux1_i686.manylinux_2_24_i686.whl", hash = "sha256:0bf5182c6bf3fe73cf14f902506baa2b6ec3cea057775393f24eb66d3f2d1a51"},
    {file = "Cython-0.29.27-cp38-cp38-manylinux_2_5_i686.manylinux1_i686.whl", hash = "sha256:d46fef39778dfb1d62e577c02dd2bac3930b9d28419d070ee0dae297e4a90af1"},
    {file = "Cython-0.29.27-cp38-cp38-manylinux_2_5_x86_64.manylinux1_x86_64.whl", hash = "sha256:ca361afc6152221476bc89c335d54b8241502c57b89c760ded9f2f2de2e2a0b5"},
    {file = "Cython-0.29.27-cp38-cp38-musllinux_1_1_x86_64.whl", hash = "sha256:00c0f379763bf5f37a2180e4943cb69d0d96e90637aba596c3d9bc061c09f44d"},
    {file = "Cython-0.29.27-cp39-cp39-manylinux_2_17_aarch64.manylinux2014_aarch64.manylinux_2_24_aarch64.whl", hash = "sha256:a571dcba3fbd755c187bb464a4cdaf1ce71ca7b92bdb8122c46c1812b86b6c2f"},
    {file = "Cython-0.29.27-cp39-cp39-manylinux_2_17_x86_64.manylinux2014_x86_64.manylinux_2_24_x86_64.whl", hash = "sha256:11e88a9826ad71a0ab7eda04d065cb34f320b2f453bc654436c42870f79a7c47"},
    {file = "Cython-0.29.27-cp39-cp39-manylinux_2_5_i686.manylinux1_i686.manylinux_2_24_i686.whl", hash = "sha256:f3c738662c572676883561a393c8fb6e7a807ffb8fcd286c510ed88c27f53a65"},
    {file = "Cython-0.29.27-cp39-cp39-manylinux_2_5_i686.manylinux1_i686.whl", hash = "sha256:6670e5643fa05112aa88ea8f54088396fe5c113383cd898100450ad156fe1e4a"},
    {file = "Cython-0.29.27-cp39-cp39-manylinux_2_5_x86_64.manylinux1_x86_64.whl", hash = "sha256:f054331ed29f81cfd22335b96af9d33788b01338b1a5b7939f18412336ab06fd"},
    {file = "Cython-0.29.27-cp39-cp39-musllinux_1_1_x86_64.whl", hash = "sha256:7149835ef701f8f9a417059253f52f393e4334d3819caf8ceab4194c9c4098ce"},
    {file = "Cython-0.29.27-py2.py3-none-any.whl", hash = "sha256:8e7ced83f7a3ab619abe03fa2ae2de888cc429028263c95655189085346b8fcc"},
    {file = "Cython-0.29.27.tar.gz", hash = "sha256:c6a442504db906dfc13a480e96850cced994ecdc076bcf492c43515b78f70da2"},
]
decorator = [
    {file = "decorator-5.1.1-py3-none-any.whl", hash = "sha256:b8c3f85900b9dc423225913c5aace94729fe1fa9763b38939a95226f02d37186"},
    {file = "decorator-5.1.1.tar.gz", hash = "sha256:637996211036b6385ef91435e4fae22989472f9d571faba8927ba8253acbc330"},
]
eikonal = [
    {file = "eikonal-0.1.0-cp39-cp39-manylinux_2_34_x86_64.whl", hash = "sha256:fb51dbea2058dacdfc61953f91ea6d4a1c2260fe3fe41aa660dad5f1682cd47b"},
    {file = "eikonal-0.1.0.tar.gz", hash = "sha256:02954cea27ff5b1471fdf47bb0ca0777a96c13e84cbae0fdefea4b9d3e12564d"},
]
executing = [
    {file = "executing-0.8.2-py2.py3-none-any.whl", hash = "sha256:32fc6077b103bd19e6494a72682d66d5763cf20a106d5aa7c5ccbea4e47b0df7"},
    {file = "executing-0.8.2.tar.gz", hash = "sha256:c23bf42e9a7b9b212f185b1b2c3c91feb895963378887bb10e64a2e612ec0023"},
]
ipython = [
    {file = "ipython-8.0.1-py3-none-any.whl", hash = "sha256:c503a0dd6ccac9c8c260b211f2dd4479c042b49636b097cc9a0d55fe62dff64c"},
    {file = "ipython-8.0.1.tar.gz", hash = "sha256:ab564d4521ea8ceaac26c3a2c6e5ddbca15c8848fd5a5cc325f960da88d42974"},
]
jedi = [
    {file = "jedi-0.18.1-py2.py3-none-any.whl", hash = "sha256:637c9635fcf47945ceb91cd7f320234a7be540ded6f3e99a50cb6febdfd1ba8d"},
    {file = "jedi-0.18.1.tar.gz", hash = "sha256:74137626a64a99c8eb6ae5832d99b3bdd7d29a3850fe2aa80a4126b2a7d949ab"},
]
matplotlib-inline = [
    {file = "matplotlib-inline-0.1.3.tar.gz", hash = "sha256:a04bfba22e0d1395479f866853ec1ee28eea1485c1d69a6faf00dc3e24ff34ee"},
    {file = "matplotlib_inline-0.1.3-py3-none-any.whl", hash = "sha256:aed605ba3b72462d64d475a21a9296f400a19c4f74a31b59103d2a99ffd5aa5c"},
]
mypy-extensions = [
    {file = "mypy_extensions-0.4.3-py2.py3-none-any.whl", hash = "sha256:090fedd75945a69ae91ce1303b5824f428daf5a028d2f6ab8a299250a846f15d"},
    {file = "mypy_extensions-0.4.3.tar.gz", hash = "sha256:2d82818f5bb3e369420cb3c4060a7970edba416647068eb4c5343488a6c604a8"},
]
numexpr = [
    {file = "numexpr-2.8.1-cp310-cp310-macosx_10_9_x86_64.whl", hash = "sha256:d148e99483e15de22d0acd5100136d39a336e91c8f8d37bf2e84e9f0ab4c0610"},
    {file = "numexpr-2.8.1-cp310-cp310-manylinux_2_17_x86_64.manylinux2014_x86_64.whl", hash = "sha256:ebf31aeed426840aefe1e94c89bb0b7530a72be36444ed4c73e4411865b79be5"},
    {file = "numexpr-2.8.1-cp310-cp310-musllinux_1_1_x86_64.whl", hash = "sha256:3bab5add6628fa8bb66fba7b1f0eed5d8d0ce05fdd2dcc326dde8a297a961c46"},
    {file = "numexpr-2.8.1-cp310-cp310-win32.whl", hash = "sha256:79ec94295aa57f5a9d212116bb7359744cd2f9e05d477df0dee383b7f44b9588"},
    {file = "numexpr-2.8.1-cp310-cp310-win_amd64.whl", hash = "sha256:cfd89f63028f8df3c9b11bf2c98085184f967a09f543a77c3335f4a0ec54f124"},
    {file = "numexpr-2.8.1-cp36-cp36m-macosx_10_9_x86_64.whl", hash = "sha256:517f299c4bc8491b5117aa276e8f3cf7ee2e89223922e92e2ea78a32985d5087"},
    {file = "numexpr-2.8.1-cp36-cp36m-manylinux_2_17_x86_64.manylinux2014_x86_64.whl", hash = "sha256:a9f046cb5752f08a9291dc1fd37a9cfd15770262188bb984e4418490fef9c9ec"},
    {file = "numexpr-2.8.1-cp36-cp36m-musllinux_1_1_x86_64.whl", hash = "sha256:6bce8a183afe157c25385d27be314be22f06ba644c89b611d20e2570a06bd5dd"},
    {file = "numexpr-2.8.1-cp36-cp36m-win32.whl", hash = "sha256:1639561d056d2d790a56ddab7e7df40b6181ad50338b50fba94aa42874a00958"},
    {file = "numexpr-2.8.1-cp36-cp36m-win_amd64.whl", hash = "sha256:a97a087a5f5e56cd81c69215918fdaca60eb478a099daa757455e4ff887f7600"},
    {file = "numexpr-2.8.1-cp37-cp37m-macosx_10_9_x86_64.whl", hash = "sha256:bd402e43b8baf6436b7c2c14541f69eb4f97f023469585a7ad258c49622ff619"},
    {file = "numexpr-2.8.1-cp37-cp37m-manylinux_2_17_x86_64.manylinux2014_x86_64.whl", hash = "sha256:48258db3ba89ad028744e07b09dde963f82da7f081849d3a003bb0b96b112d4f"},
    {file = "numexpr-2.8.1-cp37-cp37m-musllinux_1_1_x86_64.whl", hash = "sha256:4eb79d9026f013cf8d16de8be74911c74c0c09362627bf4b39e2b7f1f3188c28"},
    {file = "numexpr-2.8.1-cp37-cp37m-win32.whl", hash = "sha256:fd6905bc80a11908e363c9821cbf8aeeca4dca5b6a2eea90a97b055bc73443e6"},
    {file = "numexpr-2.8.1-cp37-cp37m-win_amd64.whl", hash = "sha256:da180aaec7f6c387540b251f6ec2b8d280220c0e45731778853c8b0d86c4ae22"},
    {file = "numexpr-2.8.1-cp38-cp38-macosx_10_9_x86_64.whl", hash = "sha256:b57d3ab7054409d9b4d2148241ae70d738c0b0daeb1a0efd5ea89b9279752e22"},
    {file = "numexpr-2.8.1-cp38-cp38-manylinux_2_17_x86_64.manylinux2014_x86_64.whl", hash = "sha256:d7b64b125161e722c9dc8a27df282e755bd9a5adf826b2e3e1f038e3dfdc3307"},
    {file = "numexpr-2.8.1-cp38-cp38-musllinux_1_1_x86_64.whl", hash = "sha256:a591f99ecbb413749725e8da4e52e663f0939dd5fbf1ae5a7c6c50ba734f57de"},
    {file = "numexpr-2.8.1-cp38-cp38-win32.whl", hash = "sha256:80db25e2934fd1a1b787440d5fa7946adb79a1289d7dc64e2c8bcd6ceae660ad"},
    {file = "numexpr-2.8.1-cp38-cp38-win_amd64.whl", hash = "sha256:d2b4b6379763ec5d794d4aaa1834ae00f1bba82a36d0b99c6e2d559302a21e85"},
    {file = "numexpr-2.8.1-cp39-cp39-macosx_10_9_x86_64.whl", hash = "sha256:ab6b2cb64bc9391f77f08203fda5af3647ed2abcefb928cc6282727854f97735"},
    {file = "numexpr-2.8.1-cp39-cp39-manylinux_2_17_x86_64.manylinux2014_x86_64.whl", hash = "sha256:2247d92da60b85de619e797e59a80e9c7302fba82dcd0525de8f7dd729a0d60f"},
    {file = "numexpr-2.8.1-cp39-cp39-musllinux_1_1_x86_64.whl", hash = "sha256:5d0c98c4d8bcc25962e5859176e5728f69209cffb9b7f64bf6d1c801fe350946"},
    {file = "numexpr-2.8.1-cp39-cp39-win32.whl", hash = "sha256:24fb5b2c17273a76e7de9cea7817c54262198657998a093fceb4030f273524c7"},
    {file = "numexpr-2.8.1-cp39-cp39-win_amd64.whl", hash = "sha256:920c6a3088790573765e103e20592864977aa4b4d1b819c298fa9d88771cde1b"},
    {file = "numexpr-2.8.1.tar.gz", hash = "sha256:cd779aa44dd986c4ef10163519239602b027be06a527946656207acf1f58113b"},
]
numpy = [
    {file = "numpy-1.22.2-cp310-cp310-macosx_10_14_x86_64.whl", hash = "sha256:515a8b6edbb904594685da6e176ac9fbea8f73a5ebae947281de6613e27f1956"},
    {file = "numpy-1.22.2-cp310-cp310-macosx_11_0_arm64.whl", hash = "sha256:76a4f9bce0278becc2da7da3b8ef854bed41a991f4226911a24a9711baad672c"},
    {file = "numpy-1.22.2-cp310-cp310-manylinux_2_17_aarch64.manylinux2014_aarch64.whl", hash = "sha256:168259b1b184aa83a514f307352c25c56af111c269ffc109d9704e81f72e764b"},
    {file = "numpy-1.22.2-cp310-cp310-manylinux_2_17_x86_64.manylinux2014_x86_64.whl", hash = "sha256:3556c5550de40027d3121ebbb170f61bbe19eb639c7ad0c7b482cd9b560cd23b"},
    {file = "numpy-1.22.2-cp310-cp310-win_amd64.whl", hash = "sha256:aafa46b5a39a27aca566198d3312fb3bde95ce9677085efd02c86f7ef6be4ec7"},
    {file = "numpy-1.22.2-cp38-cp38-macosx_10_14_x86_64.whl", hash = "sha256:55535c7c2f61e2b2fc817c5cbe1af7cb907c7f011e46ae0a52caa4be1f19afe2"},
    {file = "numpy-1.22.2-cp38-cp38-macosx_11_0_arm64.whl", hash = "sha256:60cb8e5933193a3cc2912ee29ca331e9c15b2da034f76159b7abc520b3d1233a"},
    {file = "numpy-1.22.2-cp38-cp38-manylinux_2_17_aarch64.manylinux2014_aarch64.whl", hash = "sha256:0b536b6840e84c1c6a410f3a5aa727821e6108f3454d81a5cd5900999ef04f89"},
    {file = "numpy-1.22.2-cp38-cp38-manylinux_2_17_x86_64.manylinux2014_x86_64.whl", hash = "sha256:2638389562bda1635b564490d76713695ff497242a83d9b684d27bb4a6cc9d7a"},
    {file = "numpy-1.22.2-cp38-cp38-win32.whl", hash = "sha256:6767ad399e9327bfdbaa40871be4254d1995f4a3ca3806127f10cec778bd9896"},
    {file = "numpy-1.22.2-cp38-cp38-win_amd64.whl", hash = "sha256:03ae5850619abb34a879d5f2d4bb4dcd025d6d8fb72f5e461dae84edccfe129f"},
    {file = "numpy-1.22.2-cp39-cp39-macosx_10_14_x86_64.whl", hash = "sha256:d76a26c5118c4d96e264acc9e3242d72e1a2b92e739807b3b69d8d47684b6677"},
    {file = "numpy-1.22.2-cp39-cp39-macosx_11_0_arm64.whl", hash = "sha256:15efb7b93806d438e3bc590ca8ef2f953b0ce4f86f337ef4559d31ec6cf9d7dd"},
    {file = "numpy-1.22.2-cp39-cp39-manylinux_2_17_aarch64.manylinux2014_aarch64.whl", hash = "sha256:badca914580eb46385e7f7e4e426fea6de0a37b9e06bec252e481ae7ec287082"},
    {file = "numpy-1.22.2-cp39-cp39-manylinux_2_17_x86_64.manylinux2014_x86_64.whl", hash = "sha256:94dd11d9f13ea1be17bac39c1942f527cbf7065f94953cf62dfe805653da2f8f"},
    {file = "numpy-1.22.2-cp39-cp39-win32.whl", hash = "sha256:8cf33634b60c9cef346663a222d9841d3bbbc0a2f00221d6bcfd0d993d5543f6"},
    {file = "numpy-1.22.2-cp39-cp39-win_amd64.whl", hash = "sha256:59153979d60f5bfe9e4c00e401e24dfe0469ef8da6d68247439d3278f30a180f"},
    {file = "numpy-1.22.2-pp38-pypy38_pp73-manylinux_2_17_x86_64.manylinux2014_x86_64.whl", hash = "sha256:4a176959b6e7e00b5a0d6f549a479f869829bfd8150282c590deee6d099bbb6e"},
    {file = "numpy-1.22.2.zip", hash = "sha256:076aee5a3763d41da6bef9565fdf3cb987606f567cd8b104aded2b38b7b47abf"},
]
packaging = [
    {file = "packaging-21.3-py3-none-any.whl", hash = "sha256:ef103e05f519cdc783ae24ea4e2e0f508a9c99b2d4969652eed6a2e1ea5bd522"},
    {file = "packaging-21.3.tar.gz", hash = "sha256:dd47c42927d89ab911e606518907cc2d3a1f38bbd026385970643f9c5b8ecfeb"},
]
parso = [
    {file = "parso-0.8.3-py2.py3-none-any.whl", hash = "sha256:c001d4636cd3aecdaf33cbb40aebb59b094be2a74c556778ef5576c175e19e75"},
    {file = "parso-0.8.3.tar.gz", hash = "sha256:8c07be290bb59f03588915921e29e8a50002acaf2cdc5fa0e0114f91709fafa0"},
]
pathspec = [
    {file = "pathspec-0.9.0-py2.py3-none-any.whl", hash = "sha256:7d15c4ddb0b5c802d161efc417ec1a2558ea2653c2e8ad9c19098201dc1c993a"},
    {file = "pathspec-0.9.0.tar.gz", hash = "sha256:e564499435a2673d586f6b2130bb5b95f04a3ba06f81b8f895b651a3c76aabb1"},
]
pexpect = [
    {file = "pexpect-4.8.0-py2.py3-none-any.whl", hash = "sha256:0b48a55dcb3c05f3329815901ea4fc1537514d6ba867a152b581d69ae3710937"},
    {file = "pexpect-4.8.0.tar.gz", hash = "sha256:fc65a43959d153d0114afe13997d439c22823a27cefceb5ff35c2178c6784c0c"},
]
pickleshare = [
    {file = "pickleshare-0.7.5-py2.py3-none-any.whl", hash = "sha256:9649af414d74d4df115d5d718f82acb59c9d418196b7b4290ed47a12ce62df56"},
    {file = "pickleshare-0.7.5.tar.gz", hash = "sha256:87683d47965c1da65cdacaf31c8441d12b8044cdec9aca500cd78fc2c683afca"},
]
platformdirs = [
    {file = "platformdirs-2.5.0-py3-none-any.whl", hash = "sha256:30671902352e97b1eafd74ade8e4a694782bd3471685e78c32d0fdfd3aa7e7bb"},
    {file = "platformdirs-2.5.0.tar.gz", hash = "sha256:8ec11dfba28ecc0715eb5fb0147a87b1bf325f349f3da9aab2cd6b50b96b692b"},
]
prompt-toolkit = [
    {file = "prompt_toolkit-3.0.28-py3-none-any.whl", hash = "sha256:30129d870dcb0b3b6a53efdc9d0a83ea96162ffd28ffe077e94215b233dc670c"},
    {file = "prompt_toolkit-3.0.28.tar.gz", hash = "sha256:9f1cd16b1e86c2968f2519d7fb31dd9d669916f515612c269d14e9ed52b51650"},
]
ptyprocess = [
    {file = "ptyprocess-0.7.0-py2.py3-none-any.whl", hash = "sha256:4b41f3967fce3af57cc7e94b888626c18bf37a083e3651ca8feeb66d492fef35"},
    {file = "ptyprocess-0.7.0.tar.gz", hash = "sha256:5c5d0a3b48ceee0b48485e0c26037c0acd7d29765ca3fbb5cb3831d347423220"},
]
pure-eval = [
    {file = "pure_eval-0.2.2-py3-none-any.whl", hash = "sha256:01eaab343580944bc56080ebe0a674b39ec44a945e6d09ba7db3cb8cec289350"},
    {file = "pure_eval-0.2.2.tar.gz", hash = "sha256:2b45320af6dfaa1750f543d714b6d1c520a1688dec6fd24d339063ce0aaa9ac3"},
]
pygments = [
    {file = "Pygments-2.11.2-py3-none-any.whl", hash = "sha256:44238f1b60a76d78fc8ca0528ee429702aae011c265fe6a8dd8b63049ae41c65"},
    {file = "Pygments-2.11.2.tar.gz", hash = "sha256:4e426f72023d88d03b2fa258de560726ce890ff3b630f88c21cbb8b2503b8c6a"},
]
pyparsing = [
    {file = "pyparsing-3.0.7-py3-none-any.whl", hash = "sha256:a6c06a88f252e6c322f65faf8f418b16213b51bdfaece0524c1c1bc30c63c484"},
    {file = "pyparsing-3.0.7.tar.gz", hash = "sha256:18ee9022775d270c55187733956460083db60b37d0d0fb357445f3094eed3eea"},
]
pysqlite3 = [
    {file = "pysqlite3-0.4.6.tar.gz", hash = "sha256:7ec4d4c477fa96609c1517afbc33bf02747588e528e79c695de95907cea7bf30"},
]
scipy = [
    {file = "scipy-1.8.0-cp310-cp310-macosx_10_9_x86_64.whl", hash = "sha256:87b01c7d5761e8a266a0fbdb9d88dcba0910d63c1c671bdb4d99d29f469e9e03"},
    {file = "scipy-1.8.0-cp310-cp310-macosx_12_0_arm64.whl", hash = "sha256:ae3e327da323d82e918e593460e23babdce40d7ab21490ddf9fc06dec6b91a18"},
    {file = "scipy-1.8.0-cp310-cp310-macosx_12_0_universal2.macosx_10_9_x86_64.whl", hash = "sha256:16e09ef68b352d73befa8bcaf3ebe25d3941fe1a58c82909d5589856e6bc8174"},
    {file = "scipy-1.8.0-cp310-cp310-manylinux_2_17_aarch64.manylinux2014_aarch64.whl", hash = "sha256:c17a1878d00a5dd2797ccd73623ceca9d02375328f6218ee6d921e1325e61aff"},
    {file = "scipy-1.8.0-cp310-cp310-manylinux_2_17_x86_64.manylinux2014_x86_64.whl", hash = "sha256:937d28722f13302febde29847bbe554b89073fbb924a30475e5ed7b028898b5f"},
    {file = "scipy-1.8.0-cp310-cp310-win_amd64.whl", hash = "sha256:8f4d059a97b29c91afad46b1737274cb282357a305a80bdd9e8adf3b0ca6a3f0"},
    {file = "scipy-1.8.0-cp38-cp38-macosx_10_9_x86_64.whl", hash = "sha256:38aa39b6724cb65271e469013aeb6f2ce66fd44f093e241c28a9c6bc64fd79ed"},
    {file = "scipy-1.8.0-cp38-cp38-macosx_12_0_arm64.whl", hash = "sha256:559a8a4c03a5ba9fe3232f39ed24f86457e4f3f6c0abbeae1fb945029f092720"},
    {file = "scipy-1.8.0-cp38-cp38-macosx_12_0_universal2.macosx_10_9_x86_64.whl", hash = "sha256:f4a6d3b9f9797eb2d43938ac2c5d96d02aed17ef170c8b38f11798717523ddba"},
    {file = "scipy-1.8.0-cp38-cp38-manylinux_2_12_i686.manylinux2010_i686.whl", hash = "sha256:92b2c2af4183ed09afb595709a8ef5783b2baf7f41e26ece24e1329c109691a7"},
    {file = "scipy-1.8.0-cp38-cp38-manylinux_2_17_aarch64.manylinux2014_aarch64.whl", hash = "sha256:a279e27c7f4566ef18bab1b1e2c37d168e365080974758d107e7d237d3f0f484"},
    {file = "scipy-1.8.0-cp38-cp38-manylinux_2_17_x86_64.manylinux2014_x86_64.whl", hash = "sha256:ad5be4039147c808e64f99c0e8a9641eb5d2fa079ff5894dcd8240e94e347af4"},
    {file = "scipy-1.8.0-cp38-cp38-win32.whl", hash = "sha256:3d9dd6c8b93a22bf9a3a52d1327aca7e092b1299fb3afc4f89e8eba381be7b59"},
    {file = "scipy-1.8.0-cp38-cp38-win_amd64.whl", hash = "sha256:5e73343c5e0d413c1f937302b2e04fb07872f5843041bcfd50699aef6e95e399"},
    {file = "scipy-1.8.0-cp39-cp39-macosx_10_9_x86_64.whl", hash = "sha256:de2e80ee1d925984c2504812a310841c241791c5279352be4707cdcd7c255039"},
    {file = "scipy-1.8.0-cp39-cp39-macosx_12_0_arm64.whl", hash = "sha256:c2bae431d127bf0b1da81fc24e4bba0a84d058e3a96b9dd6475dfcb3c5e8761e"},
    {file = "scipy-1.8.0-cp39-cp39-macosx_12_0_universal2.macosx_10_9_x86_64.whl", hash = "sha256:723b9f878095ed994756fa4ee3060c450e2db0139c5ba248ee3f9628bd64e735"},
    {file = "scipy-1.8.0-cp39-cp39-manylinux_2_12_i686.manylinux2010_i686.whl", hash = "sha256:011d4386b53b933142f58a652aa0f149c9b9242abd4f900b9f4ea5fbafc86b89"},
    {file = "scipy-1.8.0-cp39-cp39-manylinux_2_17_aarch64.manylinux2014_aarch64.whl", hash = "sha256:e6f0cd9c0bd374ef834ee1e0f0999678d49dcc400ea6209113d81528958f97c7"},
    {file = "scipy-1.8.0-cp39-cp39-manylinux_2_17_x86_64.manylinux2014_x86_64.whl", hash = "sha256:f3720d0124aced49f6f2198a6900304411dbbeed12f56951d7c66ebef05e3df6"},
    {file = "scipy-1.8.0-cp39-cp39-win32.whl", hash = "sha256:3d573228c10a3a8c32b9037be982e6440e411b443a6267b067cac72f690b8d56"},
    {file = "scipy-1.8.0-cp39-cp39-win_amd64.whl", hash = "sha256:bb7088e89cd751acf66195d2f00cf009a1ea113f3019664032d9075b1e727b6c"},
    {file = "scipy-1.8.0.tar.gz", hash = "sha256:31d4f2d6b724bc9a98e527b5849b8a7e589bf1ea630c33aa563eda912c9ff0bd"},
]
scons = [
    {file = "SCons-4.3.0-py3-none-any.whl", hash = "sha256:8c13911a2aa40552553488f7d625af4c0768fc8cdedab4a858d8ce42c8c3664d"},
    {file = "SCons-4.3.0.tar.gz", hash = "sha256:d47081587e3675cc168f1f54f0d74a69b328a2fc90ec4feb85f728677419b879"},
]
six = [
    {file = "six-1.16.0-py2.py3-none-any.whl", hash = "sha256:8abb2f1d86890a2dfb989f9a77cfcfd3e47c2a354b01111771326f8aa26e0254"},
    {file = "six-1.16.0.tar.gz", hash = "sha256:1e61c37477a1626458e36f7b1d82aa5c9b094fa4802892072e49de9c60c4c926"},
]
stack-data = [
    {file = "stack_data-0.2.0-py3-none-any.whl", hash = "sha256:999762f9c3132308789affa03e9271bbbe947bf78311851f4d485d8402ed858e"},
    {file = "stack_data-0.2.0.tar.gz", hash = "sha256:45692d41bd633a9503a5195552df22b583caf16f0b27c4e58c98d88c8b648e12"},
]
tables = [
    {file = "tables-3.7.0-cp310-cp310-macosx_10_9_x86_64.whl", hash = "sha256:2262d400fd0a29b11414e95a85817e987056543f25d62d80cac730d7b3567bf3"},
    {file = "tables-3.7.0-cp310-cp310-manylinux_2_17_aarch64.manylinux2014_aarch64.whl", hash = "sha256:9c74db2d5402f68093292cf89dda6124578ae2a8df796fb236a50f505245f294"},
    {file = "tables-3.7.0-cp310-cp310-manylinux_2_17_x86_64.manylinux2014_x86_64.whl", hash = "sha256:5a4627309c69ff8936ce641e2e2b48c19e7b4a5fd6649861233ac73621267afb"},
    {file = "tables-3.7.0-cp310-cp310-win32.whl", hash = "sha256:e445f7da56d692f663fa1a1a9e9059ddf5eebb9e99efecb38ef7b3ea0d541b4d"},
    {file = "tables-3.7.0-cp310-cp310-win_amd64.whl", hash = "sha256:38055a11f80acfe0670262595fdcdae1ac607a554355692a6abf26f20e54ec5f"},
    {file = "tables-3.7.0-cp36-cp36m-macosx_10_9_x86_64.whl", hash = "sha256:1d12a3a7b06620267504ec8315d05ee13f84db76a48ecaf4cefd9aba909a791a"},
    {file = "tables-3.7.0-cp36-cp36m-manylinux_2_17_aarch64.manylinux2014_aarch64.whl", hash = "sha256:d8d9ebe9df7dd294c11632ed74ac450f73703f59fc76ea9db28388a2a655e434"},
    {file = "tables-3.7.0-cp36-cp36m-manylinux_2_17_x86_64.manylinux2014_x86_64.whl", hash = "sha256:9e7d5aaf8c2723dcd471a3fe1730e1f30e1d2b145939d49f70e36c52199994e0"},
    {file = "tables-3.7.0-cp36-cp36m-win32.whl", hash = "sha256:db8e9e49038916ba461f57793840075719066fef9cbf9813a6be1e6590e795c9"},
    {file = "tables-3.7.0-cp36-cp36m-win_amd64.whl", hash = "sha256:2c568304e11d5ea3cbbb1b489bc0edacde5b9943e2714667c83009fae8823f14"},
    {file = "tables-3.7.0-cp37-cp37m-macosx_10_9_x86_64.whl", hash = "sha256:8b0d4317a5f7c9086a8a567bd2173dfa736e85f06d3aab172c4c540319fbd264"},
    {file = "tables-3.7.0-cp37-cp37m-manylinux_2_17_aarch64.manylinux2014_aarch64.whl", hash = "sha256:084bbd93038340aed132056435993f020672984c55ace27aedecd09abf0f8fd2"},
    {file = "tables-3.7.0-cp37-cp37m-manylinux_2_17_x86_64.manylinux2014_x86_64.whl", hash = "sha256:e48c74dfa4765b312861f7d4c6e8eb7dcea7fe7674c95bd04cf6d738e04470af"},
    {file = "tables-3.7.0-cp37-cp37m-win32.whl", hash = "sha256:78f146aa4a6518cd8664661c421083d71fec1c7956eb7eebeee2ded351ce9289"},
    {file = "tables-3.7.0-cp37-cp37m-win_amd64.whl", hash = "sha256:e89746e56dc5c47dadae8a639e08820835f0522e709b3914436e47e04fe67cea"},
    {file = "tables-3.7.0-cp38-cp38-macosx_10_9_x86_64.whl", hash = "sha256:90bdfe44aec11cf207e37d7e767852f949cfc918d409210f0e12cd675b28c23e"},
    {file = "tables-3.7.0-cp38-cp38-manylinux_2_17_aarch64.manylinux2014_aarch64.whl", hash = "sha256:d1286143ac2bd5a51adda0f72f4496e53a085faba91c44c28dc38d1e9803d979"},
    {file = "tables-3.7.0-cp38-cp38-manylinux_2_17_x86_64.manylinux2014_x86_64.whl", hash = "sha256:69e1bc63c9a6dcd4f2a820aba7ca24a35aae08814b90deb18ed67b2c171872c0"},
    {file = "tables-3.7.0-cp38-cp38-win32.whl", hash = "sha256:0f404df7740dabaafa6f18ff279503ecacc1241c5f451b8a4609c01e6102c440"},
    {file = "tables-3.7.0-cp38-cp38-win_amd64.whl", hash = "sha256:1ccb258296c580192a4dd4763ce937ca913d0fe4e3606dc289808117868cc1a8"},
    {file = "tables-3.7.0-cp39-cp39-macosx_10_9_x86_64.whl", hash = "sha256:9d0f2fb26caab50ef42e2f91d76024a3041e158773844d725a0f85514d58a6b0"},
    {file = "tables-3.7.0-cp39-cp39-manylinux_2_17_aarch64.manylinux2014_aarch64.whl", hash = "sha256:2546e28c07c04b59c2cbf2986604ceb8abf9d14d5da8b501d51c4577bf843b52"},
    {file = "tables-3.7.0-cp39-cp39-manylinux_2_17_x86_64.manylinux2014_x86_64.whl", hash = "sha256:d23e1f70c32ce26532048c9d33c44597989766ee6acac4a19f2eb33d09dab8e6"},
    {file = "tables-3.7.0-cp39-cp39-win32.whl", hash = "sha256:b973d787f417b751c7daa10f2c09798bb37b0527ff62dd29cedc75c31c3f0db9"},
    {file = "tables-3.7.0-cp39-cp39-win_amd64.whl", hash = "sha256:3c2350f0047685f5932fb0af09806ed0089d042d550292ff1e68d796da0d90fb"},
    {file = "tables-3.7.0.tar.gz", hash = "sha256:e92a887ad6f2a983e564a69902de4a7645c30069fc01abd353ec5da255c5e1fe"},
]
tomli = [
    {file = "tomli-2.0.1-py3-none-any.whl", hash = "sha256:939de3e7a6161af0c887ef91b7d41a53e7c5a1ca976325f429cb46ea9bc30ecc"},
    {file = "tomli-2.0.1.tar.gz", hash = "sha256:de526c12914f0c550d15924c62d72abc48d6fe7364aa87328337a31007fe8a4f"},
]
traitlets = [
    {file = "traitlets-5.1.1-py3-none-any.whl", hash = "sha256:2d313cc50a42cd6c277e7d7dc8d4d7fedd06a2c215f78766ae7b1a66277e0033"},
    {file = "traitlets-5.1.1.tar.gz", hash = "sha256:059f456c5a7c1c82b98c2e8c799f39c9b8128f6d0d46941ee118daace9eb70c7"},
]
typing-extensions = [
    {file = "typing_extensions-4.1.1-py3-none-any.whl", hash = "sha256:21c85e0fe4b9a155d0799430b0ad741cdce7e359660ccbd8b530613e8df88ce2"},
    {file = "typing_extensions-4.1.1.tar.gz", hash = "sha256:1a9462dcc3347a79b1f1c0271fbe79e844580bb598bafa1ed208b94da3cdcd42"},
]
wcwidth = [
    {file = "wcwidth-0.2.5-py2.py3-none-any.whl", hash = "sha256:beb4802a9cebb9144e99086eff703a642a13d6a0052920003a230f3294bbe784"},
    {file = "wcwidth-0.2.5.tar.gz", hash = "sha256:c4d647b99872929fdb7bdcaa4fbe7f01413ed3d98077df798530e5b04f116c83"},
]
